
Microsoft Visual Studio Solution File, Format Version 12.00
# Visual Studio Version 17
VisualStudioVersion = 17.5.33424.131
MinimumVisualStudioVersion = 10.0.40219.1
Project("{9A19103F-16F7-4668-BE54-9A1E7A4F7556}") = "CS Aid Hospital Management System", "CS AID HOSPITAL MANAGEMENT SYTEM\CS Aid Hospital Management System.csproj", "{BB055892-0247-4DB0-9C80-907A0ECF73A0}"
EndProject
Project("{9A19103F-16F7-4668-BE54-9A1E7A4F7556}") = "CSAid_MainWinFormsApp", "CS AID GUI\CSAid_MainWinFormsApp.csproj", "{AED441DF-B532-4623-A1F3-8196980CA757}"
EndProject
Global
	GlobalSection(SolutionConfigurationPlatforms) = preSolution
		Debug|Any CPU = Debug|Any CPU
		Release|Any CPU = Release|Any CPU
	EndGlobalSection
	GlobalSection(ProjectConfigurationPlatforms) = postSolution
		{BB055892-0247-4DB0-9C80-907A0ECF73A0}.Debug|Any CPU.ActiveCfg = Debug|Any CPU
		{BB055892-0247-4DB0-9C80-907A0ECF73A0}.Debug|Any CPU.Build.0 = Debug|Any CPU
		{BB055892-0247-4DB0-9C80-907A0ECF73A0}.Release|Any CPU.ActiveCfg = Release|Any CPU
		{BB055892-0247-4DB0-9C80-907A0ECF73A0}.Release|Any CPU.Build.0 = Release|Any CPU
		{AED441DF-B532-4623-A1F3-8196980CA757}.Debug|Any CPU.ActiveCfg = Debug|Any CPU
		{AED441DF-B532-4623-A1F3-8196980CA757}.Debug|Any CPU.Build.0 = Debug|Any CPU
		{AED441DF-B532-4623-A1F3-8196980CA757}.Release|Any CPU.ActiveCfg = Release|Any CPU
		{AED441DF-B532-4623-A1F3-8196980CA757}.Release|Any CPU.Build.0 = Release|Any CPU
	EndGlobalSection
	GlobalSection(SolutionProperties) = preSolution
		HideSolutionNode = FALSE
	EndGlobalSection
	GlobalSection(ExtensibilityGlobals) = postSolution
		SolutionGuid = {AA697370-FB2C-4C05-8504-52E2268D8EDA}
	EndGlobalSection
EndGlobal
